
Microsoft Visual Studio Solution File, Format Version 12.00
# Visual Studio Version 16
VisualStudioVersion = 16.0.31321.278
MinimumVisualStudioVersion = 10.0.40219.1
Project("{FAE04EC0-301F-11D3-BF4B-00C04F79EFBC}") = "XMasAPI.WebAPI", "XMasAPI.WebAPI\XMasAPI.WebAPI.csproj", "{BF23A1A0-815E-4971-AA6E-EACC132444E0}"
EndProject
Project("{FAE04EC0-301F-11D3-BF4B-00C04F79EFBC}") = "XMasAPI.Data", "XMasAPI.Data\XMasAPI.Data.csproj", "{C1592D3E-6744-42FE-87EA-069A4844AC80}"
EndProject
Project("{FAE04EC0-301F-11D3-BF4B-00C04F79EFBC}") = "XMasAPI.Models", "XMasAPI.Models\XMasAPI.Models.csproj", "{888DF813-84BA-4DB5-A174-15C6504EB282}"
EndProject
Project("{FAE04EC0-301F-11D3-BF4B-00C04F79EFBC}") = "XMasAPI.Services", "XMasAPI.Services\XMasAPI.Services.csproj", "{3F4C95FE-B9D7-451F-B6C6-9AB95C8F0168}"
EndProject
Global
	GlobalSection(SolutionConfigurationPlatforms) = preSolution
		Debug|Any CPU = Debug|Any CPU
		Release|Any CPU = Release|Any CPU
	EndGlobalSection
	GlobalSection(ProjectConfigurationPlatforms) = postSolution
		{BF23A1A0-815E-4971-AA6E-EACC132444E0}.Debug|Any CPU.ActiveCfg = Debug|Any CPU
		{BF23A1A0-815E-4971-AA6E-EACC132444E0}.Debug|Any CPU.Build.0 = Debug|Any CPU
		{BF23A1A0-815E-4971-AA6E-EACC132444E0}.Release|Any CPU.ActiveCfg = Release|Any CPU
		{BF23A1A0-815E-4971-AA6E-EACC132444E0}.Release|Any CPU.Build.0 = Release|Any CPU
		{C1592D3E-6744-42FE-87EA-069A4844AC80}.Debug|Any CPU.ActiveCfg = Debug|Any CPU
		{C1592D3E-6744-42FE-87EA-069A4844AC80}.Debug|Any CPU.Build.0 = Debug|Any CPU
		{C1592D3E-6744-42FE-87EA-069A4844AC80}.Release|Any CPU.ActiveCfg = Release|Any CPU
		{C1592D3E-6744-42FE-87EA-069A4844AC80}.Release|Any CPU.Build.0 = Release|Any CPU
		{888DF813-84BA-4DB5-A174-15C6504EB282}.Debug|Any CPU.ActiveCfg = Debug|Any CPU
		{888DF813-84BA-4DB5-A174-15C6504EB282}.Debug|Any CPU.Build.0 = Debug|Any CPU
		{888DF813-84BA-4DB5-A174-15C6504EB282}.Release|Any CPU.ActiveCfg = Release|Any CPU
		{888DF813-84BA-4DB5-A174-15C6504EB282}.Release|Any CPU.Build.0 = Release|Any CPU
		{3F4C95FE-B9D7-451F-B6C6-9AB95C8F0168}.Debug|Any CPU.ActiveCfg = Debug|Any CPU
		{3F4C95FE-B9D7-451F-B6C6-9AB95C8F0168}.Debug|Any CPU.Build.0 = Debug|Any CPU
		{3F4C95FE-B9D7-451F-B6C6-9AB95C8F0168}.Release|Any CPU.ActiveCfg = Release|Any CPU
		{3F4C95FE-B9D7-451F-B6C6-9AB95C8F0168}.Release|Any CPU.Build.0 = Release|Any CPU
	EndGlobalSection
	GlobalSection(SolutionProperties) = preSolution
		HideSolutionNode = FALSE
	EndGlobalSection
	GlobalSection(ExtensibilityGlobals) = postSolution
		SolutionGuid = {5F5ABE55-829B-44F9-AB7A-92D78F5ED463}
	EndGlobalSection
EndGlobal
